github.com/BurntSushi/toml v1.5.0/go.mod h1:ukJfTF/6rtPPRCnwkur4qwRxa8vTRFBF0uk2lLoLwho=
github.com/cpuguy83/go-md2man/v2 v2.0.7 h1:zbFlGlXEAKlwXpmvle3d8Oe3YnkKIK4xSRTd3sHPnBo=
github.com/cpuguy83/go-md2man/v2 v2.0.7/go.mod h1:oOW0eioCTA6cOiMLiUPZOpcVxMig6NIQQ7OS05n1F4g=
github.com/davecgh/go-spew v1.1.0/go.mod h1:J7Y8YcW2NihsgmVo/mv3lAwl/skON4iLHjSsI+c5H38=
github.com/davecgh/go-spew v1.1.1 h1:vj9j/u1bqnvCEfJOwUhtlOARqs3+rkHYY13jYWTU97c=
github.com/davecgh/go-spew v1.1.1/go.mod h1:J7Y8YcW2NihsgmVo/mv3lAwl/skON4iLHjSsI+c5H38=
github.com/go-chi/chi/v5 v5.2.4 h1:WtFKPHwlywe8Srng8j2BhOD9312j9cGUxG1SP4V2cR4=
github.com/go-chi/chi/v5 v5.2.4/go.mod h1:X7Gx4mteadT3eDOMTsXzmI4/rwUpOwBHLpAfupzFJP0=
github.com/go-stack/stack v1.8.1 h1:ntEHSVwIt7PNXNpgPmVfMrNhLtgjlmnZha2kOpuRiDw=
github.com/go-stack/stack v1.8.1/go.mod h1:dcoOX6HbPZSZptuspn9bctJ+N/CnF5gGygcUP3XYfe4=
github.com/jackc/pgpassfile v1.0.0 h1:/6Hmqy13Ss2zCq62VdNG8tM1wchn8zjSGOBJ6icpsIM=
github.com/jackc/pgpassfile v1.0.0/go.mod h1:CEx0iS5ambNFdcRtxPj5JhEz+xB6uRky5eyVu/W2HEg=
github.com/jackc/pgservicefile v0.0.0-20240606120523-5a60cdf6a761 h1:iCEnooe7UlwOQYpKFhBabPMi4aNAfoODPEFNiAnClxo=
github.com/jackc/pgservicefile v0.0.0-20240606120523-5a60cdf6a761/go.mod h1:5TJZWKEWniPve33vlWYSoGYefn3gLQRzjfDlhSJ9ZKM=
github.com/jackc/pgx-log15 v0.0.0-20221105153733-200b3add954a h1:oz2MefLaDwd/4LWsHZFz2+NqQ+v4e0GWFqnoUXjsL6A=
github.com/jackc/pgx-log15 v0.0.0-20221105153733-200b3add954a/go.mod h1:aON62j9MBi0Nh6BmBwBprmlNnuk9bZGXQg/kcmfkxv8=
github.com/jackc/pgx/v5 v5.8.0 h1:TYPDoleBBme0xGSAX3/+NujXXtpZn9HBONkQC7IEZSo=
github.com/jackc/pgx/v5 v5.8.0/go.mod h1:QVeDInX2m9VyzvNeiCJVjCkNFqzsNb43204HshNSZKw=
github.com/jackc/pgxutil v0.0.0-20231015020832-ec5434149869 h1:rVD/P101zk1cCQ6P9pGnkMvzJL+9bDUG6YGs39grvII=
github.com/jackc/pgxutil v0.0.0-20231015020832-ec5434149869/go.mod h1:edT+rnefKJbTLP7VyXSNEhVo4y3KfajRDu6bR5NqLL8=
github.com/jackc/puddle/v2 v2.2.2 h1:PR8nw+E/1w0GLuRFSmiioY6UooMp6KJv0/61nB7icHo=
github.com/jackc/puddle/v2 v2.2.2/go.mod h1:vriiEXHvEE654aYKXXjOvZM39qJ0q+azkZFrfEOc3H4=
github.com/jackc/testdb v0.0.0-20221015161059-a3705a386fe0 h1:hVfu7y+cM0g6w/V+wK1KuRjlGKGDS9lfamwTzmDZZkQ=
github.com/jackc/testdb v0.0.0-20221015161059-a3705a386fe0/go.mod h1:657T1zynMu9PQNZk2HC6KTbzRmzge0/rhTtDTIviIwA=
github.com/kr/pretty v0.3.0 h1:WgNl7dwNpEZ6jJ9k1snq4pZsg7DOEN8hP9Xw0Tsjwk0=
github.com/kr/pretty v0.3.0/go.mod h1:640gp4NfQd8pI5XOwp5fnNeVWj67G7CFk/SaSQn7NBk=
github.com/kr/text v0.2.0 h1:5Nx0Ya0ZqY2ygV366QzturHI13Jq95ApcVaJBhpS+AY=
github.com/kr/text v0.2.0/go.mod h1:eLer722TekiGuMkidMxC/pM04lWEeraHUUmBw8l2grE=
github.com/mattn/go-colorable v0.1.14 h1:9A9LHSqF/7dyVVX6g0U9cwm9pG3kP9gSzcuIPHPsaIE=
github.com/mattn/go-colorable v0.1.14/go.mod h1:6LmQG8QLFO4G5z1gPvYEzlUgJ2wF+stgPZH1UqBm1s8=
github.com/mattn/go-isatty v0.0.20 h1:xfD0iDuEKnDkl03q4limB+vH+GxLEtL/jb4xVJSWWEY=
github.com/mattn/go-isatty v0.0.20/go.mod h1:W+V8PltTTMOvKvAeJH7IuucS94S2C6jfK/D7dTCTo3Y=
github.com/pmezard/go-difflib v1.0.0 h1:4DBwDE0NGyQoBHbLQYPwSUPoCMWR5BEzIk/f1lZbAQM=
github.com/pmezard/go-difflib v1.0.0/go.mod h1:iKH77koFhYxTK1pcRnkKkqfTogsbg7gZNVY4sRDYZ/4=
github.com/rogpeppe/go-internal v1.11.0 h1:cWPaGQEPrBb5/AsnsZesgZZ9yb1OQ+GOISoDNXVBh4M=
github.com/rogpeppe/go-internal v1.11.0/go.mod h1:ddIwULY96R17DhadqLgMfk9H9tvdUzkipdSkR5nkCZA=
github.com/russross/blackfriday/v2 v2.1.0 h1:JIOH55/0cWyOuilr9/qlrm0BSXldqnqwMsf35Ld67mk=
github.com/russross/blackfriday/v2 v2.1.0/go.mod h1:+Rmxgy9KzJVeS9/2gXHxylqXiyQDYRxCVz55jmeOWTM=
github.com/stretchr/objx v0.1.0/go.mod h1:HFkY916IF+rwdDfMAkV7OtwuqBVzrE8GR6GFx+wExME=
github.com/stretchr/objx v0.4.0/go.mod h1:YvHI0jy2hoMjB+UWwv71VJQ9isScKT/TqJzVSSt89Yw=
github.com/stretchr/objx v0.5.0/go.mod h1:Yh+to48EsGEfYuaHDzXPcE3xhTkx73EhmCGUpEOglKo=
github.com/stretchr/objx v0.5.2/go.mod h1:FRsXN1f5AsAjCGJKqEizvkpNtU+EGNCLh3NxZ/8L+MA=
github.com/stretchr/testify v1.3.0/go.mod h1:M5WIy9Dh21IEIfnGCwXGc5bZfKNJtfHm1UVUgZn+9EI=
github.com/stretchr/testify v1.7.0/go.mod h1:6Fq8oRcR53rry900zMqJjRRixrwX3KX962/h/Wwjteg=
github.com/stretchr/testify v1.7.1/go.mod h1:6Fq8oRcR53rry900zMqJjRRixrwX3KX962/h/Wwjteg=
github.com/stretchr/testify v1.8.0/go.mod h1:yNjHg4UonilssWZ8iaSj1OCr/vHnekPRkoO+kdMU+MU=
github.com/stretchr/testify v1.8.4/go.mod h1:sz/lmYIOXD/1dqDmKjjqLyZ2RngseejIcXlSw2iwfAo=
github.com/stretchr/testify v1.10.0/go.mod h1:r2ic/lqez/lEtzL7wO/rwa5dbSLXVDPFyf8C91i36aY=
github.com/stretchr/testify v1.11.1 h1:7s2iGBzp5EwR7/aIZr8ao5+dra3wiQyKjjFuvgVKu7U=
github.com/stretchr/testify v1.11.1/go.mod h1:wZwfW3scLgRK+23gO65QZefKpKQRnfz6sD981Nm4B6U=
github.com/urfave/cli v1.22.17 h1:SYzXoiPfQjHBbkYxbew5prZHS1TOLT3ierW8SYLqtVQ=
github.com/urfave/cli v1.22.17/go.mod h1:b0ht0aqgH/6pBYzzxURyrM4xXNgsoT/n2ZzwQiEhNVo=
github.com/vaughan0/go-ini v0.0.0-20130923145212-a98ad7ee00ec h1:DGmKwyZwEB8dI7tbLt/I/gQuP559o/0FrAkHKlQM/Ks=
github.com/vaughan0/go-ini v0.0.0-20130923145212-a98ad7ee00ec/go.mod h1:owBmyHYMLkxyrugmfwE/DLJyW8Ro9mkphwuVErQ0iUw=
golang.org/x/crypto v0.47.0 h1:V6e3FRj+n4dbpw86FJ8Fv7XVOql7TEwpHapKoMJ/GO8=
golang.org/x/crypto v0.47.0/go.mod h1:ff3Y9VzzKbwSSEzWqJsJVBnWmRwRSHt/6Op5n9bQc4A=
golang.org/x/net v0.49.0 h1:eeHFmOGUTtaaPSGNmjBKpbng9MulQsJURQUAfUwY++o=
golang.org/x/net v0.49.0/go.mod h1:/ysNB2EvaqvesRkuLAyjI1ycPZlQHM3q01F02UY/MV8=
golang.org/x/sync v0.19.0 h1:vV+1eWNmZ5geRlYjzm2adRgW2/mcpevXNg50YZtPCE4=
golang.org/x/sync v0.19.0/go.mod h1:9KTHXmSnoGruLpwFjVSX0lNNA75CykiMECbovNTZqGI=
golang.org/x/sys v0.6.0/go.mod h1:oPkhp1MJrh7nUepCBck5+mAzfO9JrbApNNgaTdGDITg=
golang.org/x/sys v0.40.0 h1:DBZZqJ2Rkml6QMQsZywtnjnnGvHza6BTfYFWY9kjEWQ=
golang.org/x/sys v0.40.0/go.mod h1:OgkHotnGiDImocRcuBABYBEXf8A9a87e/uXjp9XT3ks=
golang.org/x/term v0.39.0 h1:RclSuaJf32jOqZz74CkPA9qFuVTX7vhLlpfj/IGWlqY=
golang.org/x/term v0.39.0/go.mod h1:yxzUCTP/U+FzoxfdKmLaA0RV1WgE0VY7hXBwKtY/4ww=
golang.org/x/text v0.33.0 h1:B3njUFyqtHDUI5jMn1YIr5B0IE2U0qck04r6d4KPAxE=
golang.org/x/text v0.33.0/go.mod h1:LuMebE6+rBincTi9+xWTY8TztLzKHc/9C1uBCG27+q8=
gopkg.in/check.v1 v0.0.0-20161208181325-20d25e280405/go.mod h1:Co6ibVJAznAaIkqp8huTwlJQCZ016jof/cbN4VW5Yz0=
gopkg.in/check.v1 v1.0.0-20201130134442-10cb98267c6c h1:Hei/4ADfdWqJk1ZMxUNpqntNwaWcugrBjAiHlqqRiVk=
gopkg.in/check.v1 v1.0.0-20201130134442-10cb98267c6c/go.mod h1:JHkPIbrfpd72SG/EVd6muEfDQjcINNoR0C8j2r3qZ4Q=
gopkg.in/inconshreveable/log15.v2 v2.16.0 h1:LWHLVX8KbBMkQFSqfno4901Z4Wg8L3B7Cu0n4K/Q7MA=
gopkg.in/inconshreveable/log15.v2 v2.16.0/go.mod h1:aPpfJ7XW+gOuirDoZ8gHhLh3kZ1B08FtV2bbmy7Jv3s=
gopkg.in/yaml.v2 v2.4.0/go.mod h1:RDklbk79AGWmwhnvt/jBztapEOGDOx6ZbXqjP6csGnQ=
gopkg.in/yaml.v3 v3.0.0-20200313102051-9f266ea9e77c/go.mod h1:K4uyk7z7BCEPqu6E+C64Yfv1cQ7kz7rIZviUmN+EgEM=
gopkg.in/yaml.v3 v3.0.1 h1:fxVm/GzAzEWqLHuvctI91KS9hhNmmWOoWu0XTYJS7CA=
gopkg.in/yaml.v3 v3.0.1/go.mod h1:K4uyk7z7BCEPqu6E+C64Yfv1cQ7kz7rIZviUmN+EgEM=
