github.com/BurntSushi/toml v0.3.1/go.mod h1:xHWCNGjB5oqiDr8zfno3MHue2Ht5sIBksp03qcyfWMU=
github.com/cpuguy83/go-md2man/v2 v2.0.0-20190314233015-f79a8a8ca69d h1:U+s90UTSYgptZMwQh2aRr3LuazLJIa+Pg3Kc1ylSYVY=
github.com/cpuguy83/go-md2man/v2 v2.0.0-20190314233015-f79a8a8ca69d/go.mod h1:maD7wRr/U5Z6m/iR4s+kqSMx2CaBsrgA7czyZG/E6dU=
github.com/davecgh/go-spew v1.1.0/go.mod h1:J7Y8YcW2NihsgmVo/mv3lAwl/skON4iLHjSsI+c5H38=
github.com/davecgh/go-spew v1.1.1 h1:vj9j/u1bqnvCEfJOwUhtlOARqs3+rkHYY13jYWTU97c=
github.com/davecgh/go-spew v1.1.1/go.mod h1:J7Y8YcW2NihsgmVo/mv3lAwl/skON4iLHjSsI+c5H38=
github.com/go-chi/chi/v5 v5.0.7 h1:rDTPXLDHGATaeHvVlLcR4Qe0zftYethFucbjVQ1PxU8=
github.com/go-chi/chi/v5 v5.0.7/go.mod h1:DslCQbL2OYiznFReuXYUmQ2hGd1aDpCnlMNITLSKoi8=
github.com/go-rod/rod v0.112.0 h1:U9Yc+quw4hxZ6GrdbWFBeylvaYElEKM9ijFW2LYkGlA=
github.com/go-rod/rod v0.112.0/go.mod h1:GZDtmEs6RpF6kBRYpGCZXxXlKNneKVPiKOjaMbmVVjE=
github.com/go-stack/stack v1.8.0 h1:5SgMzNM5HxrEjV0ww2lTmX6E2Izsfxas4+YHWRs3Lsk=
github.com/go-stack/stack v1.8.0/go.mod h1:v0f6uXyyMGvRgIKkXu+yp6POWl0qKG85gN/melR3HDY=
github.com/jackc/pgpassfile v1.0.0 h1:/6Hmqy13Ss2zCq62VdNG8tM1wchn8zjSGOBJ6icpsIM=
github.com/jackc/pgpassfile v1.0.0/go.mod h1:CEx0iS5ambNFdcRtxPj5JhEz+xB6uRky5eyVu/W2HEg=
github.com/jackc/pgservicefile v0.0.0-20200714003250-2b9c44734f2b h1:C8S2+VttkHFdOOCXJe+YGfa4vHYwlt4Zx+IVXQ97jYg=
github.com/jackc/pgservicefile v0.0.0-20200714003250-2b9c44734f2b/go.mod h1:vsD4gTJCa9TptPL8sPkXrLZ+hDuNrZCnj29CQpr4X1E=
github.com/jackc/pgsql v0.0.0-20220720200728-bf8deec3ac70 h1:oa4pZX0SorMQC+KZ4zWMKjRUVlNuo1LY3ReuNp7ZoOk=
github.com/jackc/pgsql v0.0.0-20220720200728-bf8deec3ac70/go.mod h1:aG42qG8aLCLwHBxMeW70TEGN5AXqMu4EScjtwAOIz04=
github.com/jackc/pgx-log15 v0.0.0-20221105153733-200b3add954a h1:oz2MefLaDwd/4LWsHZFz2+NqQ+v4e0GWFqnoUXjsL6A=
github.com/jackc/pgx-log15 v0.0.0-20221105153733-200b3add954a/go.mod h1:aON62j9MBi0Nh6BmBwBprmlNnuk9bZGXQg/kcmfkxv8=
github.com/jackc/pgx/v5 v5.0.0-alpha.5/go.mod h1:9166s9MdYYheYgI0ySjd/tbPF4wbq4vjgVzkZSt2UDE=
github.com/jackc/pgx/v5 v5.1.1 h1:pZD79K1SYv8wc2HmCQA6VdmRQi7/OtCfv9bM3WAXUYA=
github.com/jackc/pgx/v5 v5.1.1/go.mod h1:Ptn7zmohNsWEsdxRawMzk3gaKma2obW+NWTnKa0S4nk=
github.com/jackc/pgxutil v0.0.0-20220430230859-aa3fd1dd3795 h1:h5CwJIdBK8IM/yq6KAw8abXriz/Q3LAwB3fl1wXZlHg=
github.com/jackc/pgxutil v0.0.0-20220430230859-aa3fd1dd3795/go.mod h1:qr73gwmoRfV43QFnWlRXTNGa8owtdSHVEAup9WFagsQ=
github.com/jackc/puddle v1.2.2-0.20220404125616-4e959849469a/go.mod h1:ZQuO1Un86Xpe1ShKl08ERTzYhzWq+OvrvotbpeE3XO0=
github.com/jackc/puddle/v2 v2.1.2 h1:0f7vaaXINONKTsxYDn4otOAiJanX/BMeAtY//BXqzlg=
github.com/jackc/puddle/v2 v2.1.2/go.mod h1:2lpufsF5mRHO6SuZkm0fNYxM6SWHfvyFj62KwNzgels=
github.com/jackc/testdb v0.0.0-20221015161059-a3705a386fe0 h1:hVfu7y+cM0g6w/V+wK1KuRjlGKGDS9lfamwTzmDZZkQ=
github.com/jackc/testdb v0.0.0-20221015161059-a3705a386fe0/go.mod h1:657T1zynMu9PQNZk2HC6KTbzRmzge0/rhTtDTIviIwA=
github.com/kr/pretty v0.1.0/go.mod h1:dAy3ld7l9f0ibDNOQOHHMYYIIbhfbHSm3C4ZsoJORNo=
github.com/kr/pretty v0.3.0 h1:WgNl7dwNpEZ6jJ9k1snq4pZsg7DOEN8hP9Xw0Tsjwk0=
github.com/kr/pty v1.1.1/go.mod h1:pFQYn66WHrOpPYNljwOMqo10TkYh1fy3cYio2l3bCsQ=
github.com/kr/text v0.1.0 h1:45sCR5RtlFHMR4UwH9sdQ5TC8v0qDQCHnXt+kaKSTVE=
github.com/kr/text v0.1.0/go.mod h1:4Jbv+DJW3UT/LiOwJeYQe1efqtUx/iVham/4vfdArNI=
github.com/mattn/go-colorable v0.1.6 h1:6Su7aK7lXmJ/U79bYtBjLNaha4Fs1Rg9plHpcH+vvnE=
github.com/mattn/go-colorable v0.1.6/go.mod h1:u6P/XSegPjTcexA+o6vUJrdnUu04hMope9wVRipJSqc=
github.com/mattn/go-isatty v0.0.12 h1:wuysRhFDzyxgEmMf5xjvJ2M9dZoWAXNNr5LSBS7uHXY=
github.com/mattn/go-isatty v0.0.12/go.mod h1:cbi8OIDigv2wuxKPP5vlRcQ1OAZbq2CE4Kysco4FUpU=
github.com/pmezard/go-difflib v1.0.0 h1:4DBwDE0NGyQoBHbLQYPwSUPoCMWR5BEzIk/f1lZbAQM=
github.com/pmezard/go-difflib v1.0.0/go.mod h1:iKH77koFhYxTK1pcRnkKkqfTogsbg7gZNVY4sRDYZ/4=
github.com/rogpeppe/go-internal v1.9.0 h1:73kH8U+JUqXU8lRuOHeVHaa/SZPifC7BkcraZVejAe8=
github.com/rogpeppe/go-internal v1.9.0/go.mod h1:WtVeX8xhTBvf0smdhujwtBcq4Qrzq/fJaraNFVN+nFs=
github.com/russross/blackfriday/v2 v2.0.1 h1:lPqVAte+HuHNfhJ/0LC98ESWRz8afy9tM/0RK8m9o+Q=
github.com/russross/blackfriday/v2 v2.0.1/go.mod h1:+Rmxgy9KzJVeS9/2gXHxylqXiyQDYRxCVz55jmeOWTM=
github.com/shurcooL/sanitized_anchor_name v1.0.0 h1:PdmoCO6wvbs+7yrJyMORt4/BmY5IYyJwS/kOiWx8mHo=
github.com/shurcooL/sanitized_anchor_name v1.0.0/go.mod h1:1NzhyTcUVG4SuEtjjoZeVRXNmyL/1OwPU0+IJeTBvfc=
github.com/stretchr/objx v0.1.0/go.mod h1:HFkY916IF+rwdDfMAkV7OtwuqBVzrE8GR6GFx+wExME=
github.com/stretchr/objx v0.4.0/go.mod h1:YvHI0jy2hoMjB+UWwv71VJQ9isScKT/TqJzVSSt89Yw=
github.com/stretchr/testify v1.3.0/go.mod h1:M5WIy9Dh21IEIfnGCwXGc5bZfKNJtfHm1UVUgZn+9EI=
github.com/stretchr/testify v1.5.1/go.mod h1:5W2xD1RspED5o8YsWQXVCued0rvSQ+mT+I5cxcmMvtA=
github.com/stretchr/testify v1.7.0/go.mod h1:6Fq8oRcR53rry900zMqJjRRixrwX3KX962/h/Wwjteg=
github.com/stretchr/testify v1.7.1/go.mod h1:6Fq8oRcR53rry900zMqJjRRixrwX3KX962/h/Wwjteg=
github.com/stretchr/testify v1.8.0 h1:pSgiaMZlXftHpm5L7V1+rVB+AZJydKsMxsQBIJw4PKk=
github.com/stretchr/testify v1.8.0/go.mod h1:yNjHg4UonilssWZ8iaSj1OCr/vHnekPRkoO+kdMU+MU=
github.com/urfave/cli v1.22.9 h1:cv3/KhXGBGjEXLC4bH0sLuJ9BewaAbpk5oyMOveu4pw=
github.com/urfave/cli v1.22.9/go.mod h1:Gos4lmkARVdJ6EkW0WaNv/tZAAMe9V7XWyB60NtXRu0=
github.com/vaughan0/go-ini v0.0.0-20130923145212-a98ad7ee00ec h1:DGmKwyZwEB8dI7tbLt/I/gQuP559o/0FrAkHKlQM/Ks=
github.com/vaughan0/go-ini v0.0.0-20130923145212-a98ad7ee00ec/go.mod h1:owBmyHYMLkxyrugmfwE/DLJyW8Ro9mkphwuVErQ0iUw=
github.com/ysmood/goob v0.4.0 h1:HsxXhyLBeGzWXnqVKtmT9qM7EuVs/XOgkX7T6r1o1AQ=
github.com/ysmood/goob v0.4.0/go.mod h1:u6yx7ZhS4Exf2MwciFr6nIM8knHQIE22lFpWHnfql18=
github.com/ysmood/got v0.31.3 h1:UvvF+TDVsZLO7MSzm/Bd/H4HVp+7S5YwsxgdwaKq8uA=
github.com/ysmood/got v0.31.3/go.mod h1:pE1l4LOwOBhQg6A/8IAatkGp7uZjnalzrZolnlhhMgY=
github.com/ysmood/gotrace v0.6.0 h1:SyI1d4jclswLhg7SWTL6os3L1WOKeNn/ZtzVQF8QmdY=
github.com/ysmood/gotrace v0.6.0/go.mod h1:TzhIG7nHDry5//eYZDYcTzuJLYQIkykJzCRIo4/dzQM=
github.com/ysmood/gson v0.7.1/go.mod h1:3Kzs5zDl21g5F/BlLTNcuAGAYLKt2lV5G8D1zF3RNmg=
github.com/ysmood/gson v0.7.2 h1:1iWUvpi5DPvd2j59W7ifRPR9DiAZ3Ga+fmMl1mJrRbM=
github.com/ysmood/gson v0.7.2/go.mod h1:3Kzs5zDl21g5F/BlLTNcuAGAYLKt2lV5G8D1zF3RNmg=
github.com/ysmood/leakless v0.8.0 h1:BzLrVoiwxikpgEQR0Lk8NyBN5Cit2b1z+u0mgL4ZJak=
github.com/ysmood/leakless v0.8.0/go.mod h1:R8iAXPRaG97QJwqxs74RdwzcRHT1SWCGTNqY8q0JvMQ=
go.uber.org/atomic v1.10.0 h1:9qC72Qh0+3MqyJbAn8YU5xVq1frD8bn3JtD2oXtafVQ=
go.uber.org/atomic v1.10.0/go.mod h1:LUxbIzbOniOlMKjJjyPfpl4v+PKK2cNJn91OQbhoJI0=
golang.org/x/crypto v0.0.0-20211209193657-4570a0811e8b/go.mod h1:IxCIyHEi3zRg3s0A5j5BB6A9Jmi73HwBIUl50j+osU4=
golang.org/x/crypto v0.3.0 h1:a06MkbcxBrEFc0w0QIZWXrH/9cCX6KJyWbBOIwAn+7A=
golang.org/x/crypto v0.3.0/go.mod h1:hebNnKkNXi2UzZN1eVRvBB7co0a+JxK6XbPiWVs/3J4=
golang.org/x/net v0.0.0-20211112202133-69e39bad7dc2/go.mod h1:9nx3DQGgdP8bBQD5qxJ1jj9UTztislL4KSBs9R2vV5Y=
golang.org/x/net v0.2.0 h1:sZfSu1wtKLGlWI4ZZayP0ck9Y73K1ynO6gqzTdBVdPU=
golang.org/x/net v0.2.0/go.mod h1:KqCZLdyyvdV855qA2rE3GC2aiw5xGR5TEjj8smXukLY=
golang.org/x/sync v0.0.0-20220923202941-7f9b1623fab7 h1:ZrnxWX62AgTKOSagEqxvb3ffipvEDX2pl7E1TdqLqIc=
golang.org/x/sync v0.0.0-20220923202941-7f9b1623fab7/go.mod h1:RxMgew5VJxzue5/jJTE5uejpjVlOe/izrB70Jof72aM=
golang.org/x/sys v0.0.0-20200116001909-b77594299b42/go.mod h1:h1NjWce9XRLGQEsW7wpKNCjG9DtNlClVuFLEZdDNbEs=
golang.org/x/sys v0.0.0-20200223170610-d5e6a3e2c0ae/go.mod h1:h1NjWce9XRLGQEsW7wpKNCjG9DtNlClVuFLEZdDNbEs=
golang.org/x/sys v0.0.0-20201119102817-f84b799fce68/go.mod h1:h1NjWce9XRLGQEsW7wpKNCjG9DtNlClVuFLEZdDNbEs=
golang.org/x/sys v0.0.0-20210423082822-04245dca01da/go.mod h1:h1NjWce9XRLGQEsW7wpKNCjG9DtNlClVuFLEZdDNbEs=
golang.org/x/sys v0.0.0-20210615035016-665e8c7367d1/go.mod h1:oPkhp1MJrh7nUepCBck5+mAzfO9JrbApNNgaTdGDITg=
golang.org/x/sys v0.2.0 h1:ljd4t30dBnAvMZaQCevtY0xLLD0A+bRZXbgLMLU1F/A=
golang.org/x/sys v0.2.0/go.mod h1:oPkhp1MJrh7nUepCBck5+mAzfO9JrbApNNgaTdGDITg=
golang.org/x/term v0.0.0-20201126162022-7de9c90e9dd1/go.mod h1:bj7SfCRtBDWHUb9snDiAeCFNEtKQo2Wmx5Cou7ajbmo=
golang.org/x/text v0.3.6/go.mod h1:5Zoc/QRtKVWzQhOtBMvqHzDpF6irO9z98xDceosuGiQ=
golang.org/x/text v0.3.7/go.mod h1:u+2+/6zg+i71rQMx5EYifcz6MCKuco9NR6JIITiCfzQ=
golang.org/x/text v0.4.0 h1:BrVqGRd7+k1DiOgtnFvAkoQEWQvBc25ouMJM6429SFg=
golang.org/x/text v0.4.0/go.mod h1:mrYo+phRRbMaCq/xk9113O4dZlRixOauAjOtrjsXDZ8=
golang.org/x/tools v0.0.0-20180917221912-90fa682c2a6e/go.mod h1:n7NCudcB/nEzxVGmLbDWY5pfWTLqBcC2KZ6jyYvM4mQ=
gopkg.in/check.v1 v0.0.0-20161208181325-20d25e280405/go.mod h1:Co6ibVJAznAaIkqp8huTwlJQCZ016jof/cbN4VW5Yz0=
gopkg.in/check.v1 v1.0.0-20180628173108-788fd7840127/go.mod h1:Co6ibVJAznAaIkqp8huTwlJQCZ016jof/cbN4VW5Yz0=
gopkg.in/check.v1 v1.0.0-20201130134442-10cb98267c6c h1:Hei/4ADfdWqJk1ZMxUNpqntNwaWcugrBjAiHlqqRiVk=
gopkg.in/inconshreveable/log15.v2 v2.0.0-20180818164646-67afb5ed74ec h1:RlWgLqCMMIYYEVcAR5MDsuHlVkaIPDAF+5Dehzg8L5A=
gopkg.in/inconshreveable/log15.v2 v2.0.0-20180818164646-67afb5ed74ec/go.mod h1:aPpfJ7XW+gOuirDoZ8gHhLh3kZ1B08FtV2bbmy7Jv3s=
gopkg.in/yaml.v2 v2.2.2/go.mod h1:hI93XBmqTisBFMUTm0b8Fm+jr3Dg1NNxqwp+5A1VGuI=
gopkg.in/yaml.v3 v3.0.0-20200313102051-9f266ea9e77c/go.mod h1:K4uyk7z7BCEPqu6E+C64Yfv1cQ7kz7rIZviUmN+EgEM=
gopkg.in/yaml.v3 v3.0.0-20210107192922-496545a6307b/go.mod h1:K4uyk7z7BCEPqu6E+C64Yfv1cQ7kz7rIZviUmN+EgEM=
gopkg.in/yaml.v3 v3.0.1 h1:fxVm/GzAzEWqLHuvctI91KS9hhNmmWOoWu0XTYJS7CA=
gopkg.in/yaml.v3 v3.0.1/go.mod h1:K4uyk7z7BCEPqu6E+C64Yfv1cQ7kz7rIZviUmN+EgEM=
