github.com/jackc/cli v0.0.0-20140428231350-2bb83f44aaf3 h1:N/bdhEqKqMbA1VE2rEGne055VN4Il8YY+z+jAQk3gJ4=
github.com/jackc/cli v0.0.0-20140428231350-2bb83f44aaf3/go.mod h1:38dSbb3cz2ZivDoFcGzV/ZnfoOAgPepsbX0m7iJEHbo=
github.com/jackc/pgx v0.0.0-20170605141929-1c452a4a1e45 h1:iCWrKhYg9jVkFALBal5QBjWC8QYLOjSmiZqKLkykWyA=
github.com/jackc/pgx v0.0.0-20170605141929-1c452a4a1e45/go.mod h1:0ZGrqGqkRlliWnWB4zKnWtjbSWbGkVEFm4TeybAXq+I=
github.com/jackc/quo_vadis v0.0.0-20140201003328-d1031e8ac738 h1:wz8onUVEy2oeDl9WJe/TayR09gmAg5vhgszQOlogd2Q=
github.com/jackc/quo_vadis v0.0.0-20140201003328-d1031e8ac738/go.mod h1:CQ2J9DA15G9s7O2XWPxA7J2p2gWdxynNV+72EK53jC0=
github.com/mattn/go-colorable v0.0.0-20170327083344-ded68f7a9561 h1:isR/L+BIZ+rqODWYR/f526ygrBMGKZYFhaaFRDGvuZ8=
github.com/mattn/go-colorable v0.0.0-20170327083344-ded68f7a9561/go.mod h1:9vuHe8Xs5qXnSaW/c/ABM9alt+Vo+STaOChaDxuIBZU=
github.com/mattn/go-isatty v0.0.0-20151211000621-56b76bdf51f7/go.mod h1:M+lRXTBqGeGNdLjl/ufCoiOlB5xdOkqRJdNxMWT7Zi4=
github.com/pkg/errors v0.0.0-20170316201538-ff09b135c25a h1:wJ8mL5Lj13kTUhKlQitC4+gqMyiuy+2anApUMuvfLq0=
github.com/pkg/errors v0.0.0-20170316201538-ff09b135c25a/go.mod h1:bwawxfHBFNV+L2hUp1rHADufV3IMtnDRdf1r5NINEl0=
github.com/vaughan0/go-ini v0.0.0-20130923145212-a98ad7ee00ec h1:DGmKwyZwEB8dI7tbLt/I/gQuP559o/0FrAkHKlQM/Ks=
github.com/vaughan0/go-ini v0.0.0-20130923145212-a98ad7ee00ec/go.mod h1:owBmyHYMLkxyrugmfwE/DLJyW8Ro9mkphwuVErQ0iUw=
golang.org/x/crypto v0.0.0-20160113191126-3760e0168503 h1:yf85t+hrBJS65JdFfPnvwe3zwUHudwpCCZ6tlkdWFQI=
golang.org/x/crypto v0.0.0-20160113191126-3760e0168503/go.mod h1:6SG95UA2DQfeDnfUPMdvaQW0Q7yPrPDi9nlGo2tz2b4=
golang.org/x/net v0.0.0-20170502134637-0819898fb497 h1:HGqn4SDQwh0uFrhbe4sATthxGqnXs81ApEKybDfmUDk=
golang.org/x/net v0.0.0-20170502134637-0819898fb497/go.mod h1:mL1N/T3taQHkDXs73rZJwtUhF3w3ftmwwsq0BUmARs4=
golang.org/x/sys v0.0.0-20151211033651-833a04a10549/go.mod h1:STP8DvDyc/dI5b8T5hshtkjS+E42TnysNCUPdjciGhY=
golang.org/x/text v0.0.0-20161216064924-a49bea13b776 h1:VwQAlTVMub8B20+3NDFe2gC2ynlNBAGybJ677Zh1z/4=
golang.org/x/text v0.0.0-20161216064924-a49bea13b776/go.mod h1:NqM8EUOU14njkJ3fqMW+pc6Ldnwhi/IjpwHt7yyuwOQ=
gopkg.in/inconshreveable/log15.v2 v2.0.0-20150514002630-dc7890abeaad h1:1hiZCq+aSfAcs1GSnhvEfXx/cLxby3kO7iNyehSrm+8=
gopkg.in/inconshreveable/log15.v2 v2.0.0-20150514002630-dc7890abeaad/go.mod h1:aPpfJ7XW+gOuirDoZ8gHhLh3kZ1B08FtV2bbmy7Jv3s=
